
Microsoft Visual Studio Solution File, Format Version 12.00
# Visual Studio Version 17
VisualStudioVersion = 17.5.33502.453
MinimumVisualStudioVersion = 10.0.40219.1
Project("{FAE04EC0-301F-11D3-BF4B-00C04F79EFBC}") = "Laba3", "Laba3.csproj", "{C2AA2607-2B5D-4D32-86CB-9A4B435C599B}"
EndProject
Global
	GlobalSection(SolutionConfigurationPlatforms) = preSolution
		Debug|Any CPU = Debug|Any CPU
		Release|Any CPU = Release|Any CPU
	EndGlobalSection
	GlobalSection(ProjectConfigurationPlatforms) = postSolution
		{C2AA2607-2B5D-4D32-86CB-9A4B435C599B}.Debug|Any CPU.ActiveCfg = Debug|Any CPU
		{C2AA2607-2B5D-4D32-86CB-9A4B435C599B}.Debug|Any CPU.Build.0 = Debug|Any CPU
		{C2AA2607-2B5D-4D32-86CB-9A4B435C599B}.Release|Any CPU.ActiveCfg = Release|Any CPU
		{C2AA2607-2B5D-4D32-86CB-9A4B435C599B}.Release|Any CPU.Build.0 = Release|Any CPU
	EndGlobalSection
	GlobalSection(SolutionProperties) = preSolution
		HideSolutionNode = FALSE
	EndGlobalSection
	GlobalSection(ExtensibilityGlobals) = postSolution
		SolutionGuid = {25652971-9824-4E2C-B93B-63BF08FBEF9B}
	EndGlobalSection
EndGlobal
